
Microsoft Visual Studio Solution File, Format Version 12.00
# Visual Studio 15
VisualStudioVersion = 15.0.27130.2036
MinimumVisualStudioVersion = 10.0.40219.1
Project("{9A19103F-16F7-4668-BE54-9A1E7A4F7556}") = "PropertyManagement", "PropertyManagement\PropertyManagement.csproj", "{3200B6D1-6874-4031-83E3-411633E24218}"
EndProject
Project("{00D1A9C2-B5F0-4AF3-8072-F6C62B433612}") = "PropertyManagement.SqlServerDb", "PropertyManagement.SqlServerDb\PropertyManagement.SqlServerDb.sqlproj", "{0FED6C7D-3224-4AD0-A401-6B79FA28DCCC}"
EndProject
Project("{FAE04EC0-301F-11D3-BF4B-00C04F79EFBC}") = "PropertyManagement.Android", "PropertyManagement.Android\PropertyManagement.Android.csproj", "{5D7D3BBD-FF69-4E90-AA3D-AD89089C4F18}"
EndProject
Project("{9A19103F-16F7-4668-BE54-9A1E7A4F7556}") = "PropertyManagement.Data", "PropertyManagement.Data\PropertyManagement.Data.csproj", "{FA9004CF-86B0-4678-8294-052DF1038E7E}"
EndProject
Project("{9A19103F-16F7-4668-BE54-9A1E7A4F7556}") = "PropertyManagement.Domain", "PropertyManagement.Domain\PropertyManagement.Domain.csproj", "{5E37A356-3AC6-49A6-9920-83F1FDE7B421}"
EndProject
Project("{9A19103F-16F7-4668-BE54-9A1E7A4F7556}") = "PropertyManagement.WebApi", "PropertyManagement.WebApi\PropertyManagement.WebApi.csproj", "{76D751C8-D5F5-41FB-9D05-2331E4E1538B}"
EndProject
Project("{9A19103F-16F7-4668-BE54-9A1E7A4F7556}") = "PropertyManagement.Repositories", "PropertyManagement.Repositories\PropertyManagement.Repositories.csproj", "{5143111D-12D9-4CC1-ADFA-D02E197E50D7}"
EndProject
Project("{9A19103F-16F7-4668-BE54-9A1E7A4F7556}") = "PropertyManagement.Ui.Mvc", "PropertyManagement.Ui.Mvc\PropertyManagement.Ui.Mvc.csproj", "{93D54E67-4F3E-43A5-9117-72C406B3E838}"
EndProject
Project("{FAE04EC0-301F-11D3-BF4B-00C04F79EFBC}") = "PropertyManagement.Ui.Angular", "PropertyManagement.Ui.Angular\PropertyManagement.Ui.Angular.csproj", "{52080862-1622-4710-A7C7-39366F4A4ED7}"
EndProject
Global
	GlobalSection(SolutionConfigurationPlatforms) = preSolution
		Debug|Any CPU = Debug|Any CPU
		Release|Any CPU = Release|Any CPU
	EndGlobalSection
	GlobalSection(ProjectConfigurationPlatforms) = postSolution
		{3200B6D1-6874-4031-83E3-411633E24218}.Debug|Any CPU.ActiveCfg = Debug|Any CPU
		{3200B6D1-6874-4031-83E3-411633E24218}.Debug|Any CPU.Build.0 = Debug|Any CPU
		{3200B6D1-6874-4031-83E3-411633E24218}.Release|Any CPU.ActiveCfg = Release|Any CPU
		{3200B6D1-6874-4031-83E3-411633E24218}.Release|Any CPU.Build.0 = Release|Any CPU
		{0FED6C7D-3224-4AD0-A401-6B79FA28DCCC}.Debug|Any CPU.ActiveCfg = Debug|Any CPU
		{0FED6C7D-3224-4AD0-A401-6B79FA28DCCC}.Debug|Any CPU.Build.0 = Debug|Any CPU
		{0FED6C7D-3224-4AD0-A401-6B79FA28DCCC}.Debug|Any CPU.Deploy.0 = Debug|Any CPU
		{0FED6C7D-3224-4AD0-A401-6B79FA28DCCC}.Release|Any CPU.ActiveCfg = Release|Any CPU
		{0FED6C7D-3224-4AD0-A401-6B79FA28DCCC}.Release|Any CPU.Build.0 = Release|Any CPU
		{0FED6C7D-3224-4AD0-A401-6B79FA28DCCC}.Release|Any CPU.Deploy.0 = Release|Any CPU
		{5D7D3BBD-FF69-4E90-AA3D-AD89089C4F18}.Debug|Any CPU.ActiveCfg = Debug|Any CPU
		{5D7D3BBD-FF69-4E90-AA3D-AD89089C4F18}.Debug|Any CPU.Build.0 = Debug|Any CPU
		{5D7D3BBD-FF69-4E90-AA3D-AD89089C4F18}.Debug|Any CPU.Deploy.0 = Debug|Any CPU
		{5D7D3BBD-FF69-4E90-AA3D-AD89089C4F18}.Release|Any CPU.ActiveCfg = Release|Any CPU
		{5D7D3BBD-FF69-4E90-AA3D-AD89089C4F18}.Release|Any CPU.Build.0 = Release|Any CPU
		{5D7D3BBD-FF69-4E90-AA3D-AD89089C4F18}.Release|Any CPU.Deploy.0 = Release|Any CPU
		{FA9004CF-86B0-4678-8294-052DF1038E7E}.Debug|Any CPU.ActiveCfg = Debug|Any CPU
		{FA9004CF-86B0-4678-8294-052DF1038E7E}.Debug|Any CPU.Build.0 = Debug|Any CPU
		{FA9004CF-86B0-4678-8294-052DF1038E7E}.Release|Any CPU.ActiveCfg = Release|Any CPU
		{FA9004CF-86B0-4678-8294-052DF1038E7E}.Release|Any CPU.Build.0 = Release|Any CPU
		{5E37A356-3AC6-49A6-9920-83F1FDE7B421}.Debug|Any CPU.ActiveCfg = Debug|Any CPU
		{5E37A356-3AC6-49A6-9920-83F1FDE7B421}.Debug|Any CPU.Build.0 = Debug|Any CPU
		{5E37A356-3AC6-49A6-9920-83F1FDE7B421}.Release|Any CPU.ActiveCfg = Release|Any CPU
		{5E37A356-3AC6-49A6-9920-83F1FDE7B421}.Release|Any CPU.Build.0 = Release|Any CPU
		{76D751C8-D5F5-41FB-9D05-2331E4E1538B}.Debug|Any CPU.ActiveCfg = Debug|Any CPU
		{76D751C8-D5F5-41FB-9D05-2331E4E1538B}.Debug|Any CPU.Build.0 = Debug|Any CPU
		{76D751C8-D5F5-41FB-9D05-2331E4E1538B}.Release|Any CPU.ActiveCfg = Release|Any CPU
		{76D751C8-D5F5-41FB-9D05-2331E4E1538B}.Release|Any CPU.Build.0 = Release|Any CPU
		{5143111D-12D9-4CC1-ADFA-D02E197E50D7}.Debug|Any CPU.ActiveCfg = Debug|Any CPU
		{5143111D-12D9-4CC1-ADFA-D02E197E50D7}.Debug|Any CPU.Build.0 = Debug|Any CPU
		{5143111D-12D9-4CC1-ADFA-D02E197E50D7}.Release|Any CPU.ActiveCfg = Release|Any CPU
		{5143111D-12D9-4CC1-ADFA-D02E197E50D7}.Release|Any CPU.Build.0 = Release|Any CPU
		{93D54E67-4F3E-43A5-9117-72C406B3E838}.Debug|Any CPU.ActiveCfg = Debug|Any CPU
		{93D54E67-4F3E-43A5-9117-72C406B3E838}.Debug|Any CPU.Build.0 = Debug|Any CPU
		{93D54E67-4F3E-43A5-9117-72C406B3E838}.Release|Any CPU.ActiveCfg = Release|Any CPU
		{93D54E67-4F3E-43A5-9117-72C406B3E838}.Release|Any CPU.Build.0 = Release|Any CPU
		{52080862-1622-4710-A7C7-39366F4A4ED7}.Debug|Any CPU.ActiveCfg = Debug|Any CPU
		{52080862-1622-4710-A7C7-39366F4A4ED7}.Debug|Any CPU.Build.0 = Debug|Any CPU
		{52080862-1622-4710-A7C7-39366F4A4ED7}.Release|Any CPU.ActiveCfg = Release|Any CPU
		{52080862-1622-4710-A7C7-39366F4A4ED7}.Release|Any CPU.Build.0 = Release|Any CPU
	EndGlobalSection
	GlobalSection(SolutionProperties) = preSolution
		HideSolutionNode = FALSE
	EndGlobalSection
	GlobalSection(ExtensibilityGlobals) = postSolution
		SolutionGuid = {9154245C-232A-4EBA-87AD-E6B8196DB469}
	EndGlobalSection
EndGlobal
